<?xml version="1.0" encoding="utf-8"?>
<Project ToolsVersion="4.0" xmlns="http://schemas.microsoft.com/developer/msbuild/2003">
  <ItemGroup>
    <Filter Include="Исходные файлы">
      <UniqueIdentifier>{4FC737F1-C7A5-4376-A066-2A32D752A2FF}</UniqueIdentifier>
      <Extensions>cpp;c;cc;cxx;def;odl;idl;hpj;bat;asm;asmx</Extensions>
    </Filter>
    <Filter Include="Файлы заголовков">
      <UniqueIdentifier>{93995380-89BD-4b04-88EB-625FBE52EBFB}</UniqueIdentifier>
      <Extensions>h;hh;hpp;hxx;hm;inl;inc;ipp;xsd</Extensions>
    </Filter>
    <Filter Include="Файлы ресурсов">
      <UniqueIdentifier>{67DA6AB6-F800-4c08-8B7A-83BB121AAD01}</UniqueIdentifier>
      <Extensions>rc;ico;cur;bmp;dlg;rc2;rct;bin;rgs;gif;jpg;jpeg;jpe;resx;tiff;tif;png;wav;mfcribbon-ms</Extensions>
    </Filter>
    <Filter Include="Исходные файлы\pugixml">
      <UniqueIdentifier>{4f2040c0-cc74-44bd-b2d9-3cc85226bd99}</UniqueIdentifier>
    </Filter>
    <Filter Include="Файлы заголовков\pugixml">
      <UniqueIdentifier>{708f0d85-e854-4888-a9e2-6b0141709666}</UniqueIdentifier>
    </Filter>
    <Filter Include="Файлы заголовков\zlib">
      <UniqueIdentifier>{82f5811f-7b02-4791-8966-52eb56711dab}</UniqueIdentifier>
    </Filter>
    <Filter Include="Файлы заголовков\json">
      <UniqueIdentifier>{b306aefe-07e8-4e3a-b8b0-17c4792366e8}</UniqueIdentifier>
    </Filter>
    <Filter Include="Исходные файлы\json">
      <UniqueIdentifier>{a672b8d2-4b44-49f7-8382-135757dd9007}</UniqueIdentifier>
    </Filter>
    <Filter Include="Исходные файлы\json\json-src">
      <UniqueIdentifier>{b818dac4-2b6f-4214-9b4f-0e2fe4f854f3}</UniqueIdentifier>
    </Filter>
  </ItemGroup>
  <ItemGroup>
    <ClInclude Include="Source\main.h">
      <Filter>Файлы заголовков</Filter>
    </ClInclude>
    <ClInclude Include="Source\resource.h">
      <Filter>Файлы заголовков</Filter>
    </ClInclude>
    <ClInclude Include="Source\pugixml_read.h">
      <Filter>Файлы заголовков</Filter>
    </ClInclude>
    <ClInclude Include="Source\CnsClass.h">
      <Filter>Файлы заголовков</Filter>
    </ClInclude>
    <ClInclude Include="Source\LogClass.h">
      <Filter>Файлы заголовков</Filter>
    </ClInclude>
    <ClInclude Include="Source\FileClass.h">
      <Filter>Файлы заголовков</Filter>
    </ClInclude>
    <ClInclude Include="include\pugixml\pugixml.hpp">
      <Filter>Файлы заголовков\pugixml</Filter>
    </ClInclude>
    <ClInclude Include="include\pugixml\pugiconfig.hpp">
      <Filter>Файлы заголовков\pugixml</Filter>
    </ClInclude>
    <ClInclude Include="Source\json_read.h">
      <Filter>Файлы заголовков</Filter>
    </ClInclude>
    <ClInclude Include="include\json\allocator.h">
      <Filter>Файлы заголовков\json</Filter>
    </ClInclude>
    <ClInclude Include="include\json\assertions.h">
      <Filter>Файлы заголовков\json</Filter>
    </ClInclude>
    <ClInclude Include="include\json\config.h">
      <Filter>Файлы заголовков\json</Filter>
    </ClInclude>
    <ClInclude Include="include\json\forwards.h">
      <Filter>Файлы заголовков\json</Filter>
    </ClInclude>
    <ClInclude Include="include\json\json.h">
      <Filter>Файлы заголовков\json</Filter>
    </ClInclude>
    <ClInclude Include="include\json\json_features.h">
      <Filter>Файлы заголовков\json</Filter>
    </ClInclude>
    <ClInclude Include="include\json\reader.h">
      <Filter>Файлы заголовков\json</Filter>
    </ClInclude>
    <ClInclude Include="include\json\value.h">
      <Filter>Файлы заголовков\json</Filter>
    </ClInclude>
    <ClInclude Include="include\json\version.h">
      <Filter>Файлы заголовков\json</Filter>
    </ClInclude>
    <ClInclude Include="include\json\writer.h">
      <Filter>Файлы заголовков\json</Filter>
    </ClInclude>
    <ClInclude Include="include\json\json-src\json_tool.h">
      <Filter>Исходные файлы\json\json-src</Filter>
    </ClInclude>
  </ItemGroup>
  <ItemGroup>
    <ClCompile Include="Source\main.cpp">
      <Filter>Исходные файлы</Filter>
    </ClCompile>
    <ClCompile Include="Source\pugixml_read.cpp">
      <Filter>Исходные файлы</Filter>
    </ClCompile>
    <ClCompile Include="Source\CnsClass.cpp">
      <Filter>Исходные файлы</Filter>
    </ClCompile>
    <ClCompile Include="Source\LogClass.cpp">
      <Filter>Исходные файлы</Filter>
    </ClCompile>
    <ClCompile Include="Source\FileClass.cpp">
      <Filter>Исходные файлы</Filter>
    </ClCompile>
    <ClCompile Include="include\pugixml\pugixml.cpp">
      <Filter>Исходные файлы\pugixml</Filter>
    </ClCompile>
    <ClCompile Include="Source\json_read.cpp">
      <Filter>Исходные файлы</Filter>
    </ClCompile>
    <ClCompile Include="include\json\json-src\json_reader.cpp">
      <Filter>Исходные файлы\json\json-src</Filter>
    </ClCompile>
    <ClCompile Include="include\json\json-src\json_value.cpp">
      <Filter>Исходные файлы\json\json-src</Filter>
    </ClCompile>
    <ClCompile Include="include\json\json-src\json_writer.cpp">
      <Filter>Исходные файлы\json\json-src</Filter>
    </ClCompile>
  </ItemGroup>
  <ItemGroup>
    <Image Include="Source\Window_Background.bmp">
      <Filter>Файлы ресурсов</Filter>
    </Image>
    <Image Include="Source\Window_Icon.ico">
      <Filter>Файлы ресурсов</Filter>
    </Image>
  </ItemGroup>
  <ItemGroup>
    <ResourceCompile Include="Source\Res.rc">
      <Filter>Файлы ресурсов</Filter>
    </ResourceCompile>
  </ItemGroup>
  <ItemGroup>
    <Font Include="Source\Russo One.ttf">
      <Filter>Файлы ресурсов</Filter>
    </Font>
  </ItemGroup>
  <ItemGroup>
    <None Include="include\json\json-src\json_valueiterator.inl">
      <Filter>Исходные файлы\json\json-src</Filter>
    </None>
  </ItemGroup>
</Project>